{
  "name": "dig_tool",
  "lockfileVersion": 3,
  "requires": true,
  "packages": {
    "": {
      "dependencies": {
        "@hotwired/turbo-rails": "^8.0.12",
        "@rails/ujs": "^7.1.3-4"
      }
    },
    "node_modules/@hotwired/turbo": {
      "version": "8.0.12",
      "resolved": "https://registry.npmjs.org/@hotwired/turbo/-/turbo-8.0.12.tgz",
      "integrity": "sha512-l3BiQRkD7qrnQv6ms6sqPLczvwbQpXt5iAVwjDvX0iumrz6yEonQkNAzNjeDX25/OJMFDTxpHjkJZHGpM9ikWw==",
      "license": "MIT",
      "engines": {
        "node": ">= 14"
      }
    },
    "node_modules/@hotwired/turbo-rails": {
      "version": "8.0.12",
      "resolved": "https://registry.npmjs.org/@hotwired/turbo-rails/-/turbo-rails-8.0.12.tgz",
      "integrity": "sha512-ZXwu9ez+Gd4RQNeHIitqOQgi/LyqY8J4JqsUN0nnYiZDBRq7IreeFdMbz29VdJpIsmYqwooE4cFzPU7QvJkQkA==",
      "license": "MIT",
      "dependencies": {
        "@hotwired/turbo": "^8.0.12",
        "@rails/actioncable": "^7.0"
      }
    },
    "node_modules/@rails/actioncable": {
      "version": "7.2.201",
      "resolved": "https://registry.npmjs.org/@rails/actioncable/-/actioncable-7.2.201.tgz",
      "integrity": "sha512-wsTdWoZ5EfG5k3t7ORdyQF0ZmDEgN4aVPCanHAiNEwCROqibSZMXXmCbH7IDJUVri4FOeAVwwbPINI7HVHPKBw==",
      "license": "MIT"
    },
    "node_modules/@rails/ujs": {
      "version": "7.1.3-4",
      "resolved": "https://registry.npmjs.org/@rails/ujs/-/ujs-7.1.3-4.tgz",
      "integrity": "sha512-z0ckI5jrAJfImcObjMT1RBz2IxH6I5q6ZTMFex6AfxSQKZuuL8JxAXvg2CvBuodGCxKvybFVolDyMHXlBLeYAA==",
      "license": "MIT"
    }
  }
}
